
Microsoft Visual Studio Solution File, Format Version 12.00
# Visual Studio Version 17
VisualStudioVersion = 17.7.34024.191
MinimumVisualStudioVersion = 10.0.40219.1
Project("{2150E333-8FDC-42A3-9474-1A3956D46DE8}") = "src", "src", "{C32749E4-F4AC-43DD-AA09-3A086E28CD10}"
EndProject
Project("{2150E333-8FDC-42A3-9474-1A3956D46DE8}") = "tests", "tests", "{5CFBC3AD-2188-4C58-B5F5-D5F3BFA8544C}"
EndProject
Project("{E53339B2-1760-4266-BCC7-CA923CBCF16C}") = "docker-compose", "docker-compose.dcproj", "{E709CBC9-2431-47E9-9E0D-8C4741F66AF5}"
EndProject
Project("{2150E333-8FDC-42A3-9474-1A3956D46DE8}") = "Authentication", "Authentication", "{412F2401-A421-4EB0-BD7E-81FED781832A}"
EndProject
Project("{9A19103F-16F7-4668-BE54-9A1E7A4F7556}") = "TexasTaco.Authentication.Core", "src\Authentication\TexasTaco.Authentication.Core\TexasTaco.Authentication.Core.csproj", "{9C2375A1-E780-420C-8402-39B46D48D06F}"
EndProject
Project("{9A19103F-16F7-4668-BE54-9A1E7A4F7556}") = "TexasTaco.Authentication.Api", "src\Authentication\TexasTaco.Authentication.Api\TexasTaco.Authentication.Api.csproj", "{5043BF95-A228-4B89-A3BE-691B66BEF1B5}"
EndProject
Project("{2150E333-8FDC-42A3-9474-1A3956D46DE8}") = "Gateway", "Gateway", "{4D52A878-42EC-4649-B103-E9668CD8DAFD}"
EndProject
Project("{9A19103F-16F7-4668-BE54-9A1E7A4F7556}") = "TexasTaco.Api.Gateway", "src\Gateway\TexasTaco.Api.Gateway\TexasTaco.Api.Gateway.csproj", "{8129EEE5-3F87-4C16-B368-259B3510B9DA}"
EndProject
Global
	GlobalSection(SolutionConfigurationPlatforms) = preSolution
		Debug|Any CPU = Debug|Any CPU
		Release|Any CPU = Release|Any CPU
	EndGlobalSection
	GlobalSection(ProjectConfigurationPlatforms) = postSolution
		{E709CBC9-2431-47E9-9E0D-8C4741F66AF5}.Debug|Any CPU.ActiveCfg = Debug|Any CPU
		{E709CBC9-2431-47E9-9E0D-8C4741F66AF5}.Debug|Any CPU.Build.0 = Debug|Any CPU
		{E709CBC9-2431-47E9-9E0D-8C4741F66AF5}.Release|Any CPU.ActiveCfg = Release|Any CPU
		{E709CBC9-2431-47E9-9E0D-8C4741F66AF5}.Release|Any CPU.Build.0 = Release|Any CPU
		{9C2375A1-E780-420C-8402-39B46D48D06F}.Debug|Any CPU.ActiveCfg = Debug|Any CPU
		{9C2375A1-E780-420C-8402-39B46D48D06F}.Debug|Any CPU.Build.0 = Debug|Any CPU
		{9C2375A1-E780-420C-8402-39B46D48D06F}.Release|Any CPU.ActiveCfg = Release|Any CPU
		{9C2375A1-E780-420C-8402-39B46D48D06F}.Release|Any CPU.Build.0 = Release|Any CPU
		{5043BF95-A228-4B89-A3BE-691B66BEF1B5}.Debug|Any CPU.ActiveCfg = Debug|Any CPU
		{5043BF95-A228-4B89-A3BE-691B66BEF1B5}.Debug|Any CPU.Build.0 = Debug|Any CPU
		{5043BF95-A228-4B89-A3BE-691B66BEF1B5}.Release|Any CPU.ActiveCfg = Release|Any CPU
		{5043BF95-A228-4B89-A3BE-691B66BEF1B5}.Release|Any CPU.Build.0 = Release|Any CPU
		{8129EEE5-3F87-4C16-B368-259B3510B9DA}.Debug|Any CPU.ActiveCfg = Debug|Any CPU
		{8129EEE5-3F87-4C16-B368-259B3510B9DA}.Debug|Any CPU.Build.0 = Debug|Any CPU
		{8129EEE5-3F87-4C16-B368-259B3510B9DA}.Release|Any CPU.ActiveCfg = Release|Any CPU
		{8129EEE5-3F87-4C16-B368-259B3510B9DA}.Release|Any CPU.Build.0 = Release|Any CPU
	EndGlobalSection
	GlobalSection(SolutionProperties) = preSolution
		HideSolutionNode = FALSE
	EndGlobalSection
	GlobalSection(NestedProjects) = preSolution
		{412F2401-A421-4EB0-BD7E-81FED781832A} = {C32749E4-F4AC-43DD-AA09-3A086E28CD10}
		{9C2375A1-E780-420C-8402-39B46D48D06F} = {412F2401-A421-4EB0-BD7E-81FED781832A}
		{5043BF95-A228-4B89-A3BE-691B66BEF1B5} = {412F2401-A421-4EB0-BD7E-81FED781832A}
		{4D52A878-42EC-4649-B103-E9668CD8DAFD} = {C32749E4-F4AC-43DD-AA09-3A086E28CD10}
		{8129EEE5-3F87-4C16-B368-259B3510B9DA} = {4D52A878-42EC-4649-B103-E9668CD8DAFD}
	EndGlobalSection
	GlobalSection(ExtensibilityGlobals) = postSolution
		SolutionGuid = {8962ABFE-4441-4C72-A04E-0038C172612D}
	EndGlobalSection
EndGlobal
