
Microsoft Visual Studio Solution File, Format Version 12.00
# Visual Studio Version 17
VisualStudioVersion = 17.7.34024.191
MinimumVisualStudioVersion = 10.0.40219.1
Project("{2150E333-8FDC-42A3-9474-1A3956D46DE8}") = "src", "src", "{C32749E4-F4AC-43DD-AA09-3A086E28CD10}"
EndProject
Project("{2150E333-8FDC-42A3-9474-1A3956D46DE8}") = "tests", "tests", "{5CFBC3AD-2188-4C58-B5F5-D5F3BFA8544C}"
EndProject
Project("{FAE04EC0-301F-11D3-BF4B-00C04F79EFBC}") = "TestAPI", "src\TestAPI\TestAPI.csproj", "{F62DC732-443C-4832-AAE9-37BA799DB33B}"
EndProject
Global
	GlobalSection(SolutionConfigurationPlatforms) = preSolution
		Debug|Any CPU = Debug|Any CPU
		Release|Any CPU = Release|Any CPU
	EndGlobalSection
	GlobalSection(ProjectConfigurationPlatforms) = postSolution
		{F62DC732-443C-4832-AAE9-37BA799DB33B}.Debug|Any CPU.ActiveCfg = Debug|Any CPU
		{F62DC732-443C-4832-AAE9-37BA799DB33B}.Debug|Any CPU.Build.0 = Debug|Any CPU
		{F62DC732-443C-4832-AAE9-37BA799DB33B}.Release|Any CPU.ActiveCfg = Release|Any CPU
		{F62DC732-443C-4832-AAE9-37BA799DB33B}.Release|Any CPU.Build.0 = Release|Any CPU
	EndGlobalSection
	GlobalSection(SolutionProperties) = preSolution
		HideSolutionNode = FALSE
	EndGlobalSection
	GlobalSection(NestedProjects) = preSolution
		{F62DC732-443C-4832-AAE9-37BA799DB33B} = {C32749E4-F4AC-43DD-AA09-3A086E28CD10}
	EndGlobalSection
	GlobalSection(ExtensibilityGlobals) = postSolution
		SolutionGuid = {8962ABFE-4441-4C72-A04E-0038C172612D}
	EndGlobalSection
EndGlobal
