
Microsoft Visual Studio Solution File, Format Version 12.00
# Visual Studio Version 17
VisualStudioVersion = 17.7.34024.191
MinimumVisualStudioVersion = 10.0.40219.1
Project("{2150E333-8FDC-42A3-9474-1A3956D46DE8}") = "src", "src", "{C32749E4-F4AC-43DD-AA09-3A086E28CD10}"
EndProject
Project("{2150E333-8FDC-42A3-9474-1A3956D46DE8}") = "tests", "tests", "{5CFBC3AD-2188-4C58-B5F5-D5F3BFA8544C}"
EndProject
Project("{E53339B2-1760-4266-BCC7-CA923CBCF16C}") = "docker-compose", "docker-compose.dcproj", "{E709CBC9-2431-47E9-9E0D-8C4741F66AF5}"
EndProject
Project("{2150E333-8FDC-42A3-9474-1A3956D46DE8}") = "Authentication", "Authentication", "{412F2401-A421-4EB0-BD7E-81FED781832A}"
EndProject
Project("{9A19103F-16F7-4668-BE54-9A1E7A4F7556}") = "TexasTaco.Authentication.Core", "src\Authentication\TexasTaco.Authentication.Core\TexasTaco.Authentication.Core.csproj", "{9C2375A1-E780-420C-8402-39B46D48D06F}"
EndProject
Project("{9A19103F-16F7-4668-BE54-9A1E7A4F7556}") = "TexasTaco.Authentication.Api", "src\Authentication\TexasTaco.Authentication.Api\TexasTaco.Authentication.Api.csproj", "{5043BF95-A228-4B89-A3BE-691B66BEF1B5}"
EndProject
Project("{2150E333-8FDC-42A3-9474-1A3956D46DE8}") = "Gateway", "Gateway", "{4D52A878-42EC-4649-B103-E9668CD8DAFD}"
EndProject
Project("{9A19103F-16F7-4668-BE54-9A1E7A4F7556}") = "TexasTaco.Api.Gateway", "src\Gateway\TexasTaco.Api.Gateway\TexasTaco.Api.Gateway.csproj", "{8129EEE5-3F87-4C16-B368-259B3510B9DA}"
EndProject
Project("{2150E333-8FDC-42A3-9474-1A3956D46DE8}") = "Shared", "Shared", "{FD4629DE-8822-423C-ADA1-39B469107613}"
EndProject
Project("{9A19103F-16F7-4668-BE54-9A1E7A4F7556}") = "TexasTaco.Shared.Authentication", "src\Shared\TexasTaco.Shared.Authentication\TexasTaco.Shared.Authentication.csproj", "{7BA59E13-68E3-4B1A-86CC-3EC80BEDF87C}"
EndProject
Project("{2150E333-8FDC-42A3-9474-1A3956D46DE8}") = "Users", "Users", "{08FE0BAB-A815-4158-B3FC-B8E8A437FC66}"
EndProject
Project("{9A19103F-16F7-4668-BE54-9A1E7A4F7556}") = "TexasTaco.Users.Api", "src\Users\TexasTaco.Users.Api\TexasTaco.Users.Api.csproj", "{8EB26EA3-E01C-4C3F-AC1C-88712DC52530}"
EndProject
Project("{9A19103F-16F7-4668-BE54-9A1E7A4F7556}") = "TexasTaco.Users.Core", "src\Users\TexasTaco.Users.Core\TexasTaco.Users.Core.csproj", "{7861CB4B-04A5-48BD-8A52-980BDA6417A3}"
EndProject
Project("{9A19103F-16F7-4668-BE54-9A1E7A4F7556}") = "TexasTaco.Shared", "src\Shared\TexasTaco.Shared\TexasTaco.Shared.csproj", "{EAF9F22C-B4C0-46E5-B2F7-7125BFEAAF9B}"
EndProject
Project("{2150E333-8FDC-42A3-9474-1A3956D46DE8}") = "Gateway", "Gateway", "{761281D2-D60F-4E20-A34A-12E75858A912}"
EndProject
Project("{9A19103F-16F7-4668-BE54-9A1E7A4F7556}") = "TexasTaco.Api.Gateway.Tests", "tests\Gateway\TexasTaco.Api.Gateway.Tests\TexasTaco.Api.Gateway.Tests.csproj", "{12A703FC-960C-41AD-B039-6733C56944A9}"
EndProject
Project("{2150E333-8FDC-42A3-9474-1A3956D46DE8}") = "Authentication", "Authentication", "{4B37149D-E88F-4ABC-AE64-E4B323B4C80E}"
EndProject
Project("{9A19103F-16F7-4668-BE54-9A1E7A4F7556}") = "TexasTaco.Authentication.Api.Tests", "tests\Authentication\TexasTaco.Authentication.Api.Tests\TexasTaco.Authentication.Api.Tests.csproj", "{5C4FF4F0-FF6C-4AAC-AE38-7B6F84BBD090}"
EndProject
Project("{2150E333-8FDC-42A3-9474-1A3956D46DE8}") = "Shared", "Shared", "{DE9ED7D7-E1BA-4662-A7C6-C577240F8021}"
EndProject
Project("{9A19103F-16F7-4668-BE54-9A1E7A4F7556}") = "TexasTaco.Shared.Tests", "tests\Shared\TexasTaco.Shared.Tests\TexasTaco.Shared.Tests.csproj", "{199EE1C5-E37F-415F-A491-E178D7A8D4BB}"
EndProject
Project("{2150E333-8FDC-42A3-9474-1A3956D46DE8}") = "Products", "Products", "{FA103391-D36F-4F75-B61B-A2805FDA9C9E}"
EndProject
Project("{9A19103F-16F7-4668-BE54-9A1E7A4F7556}") = "TexasTaco.Products.Api", "src\Products\TexasTaco.Products.Api\TexasTaco.Products.Api.csproj", "{828D6FF6-433C-4866-B956-76AEBDE1AC5C}"
EndProject
Project("{9A19103F-16F7-4668-BE54-9A1E7A4F7556}") = "TexasTaco.Products.Core", "src\Products\TexasTaco.Products.Core\TexasTaco.Products.Core.csproj", "{E2FEDC11-74E8-4E01-917D-E4CD43C5A8E3}"
EndProject
Project("{9A19103F-16F7-4668-BE54-9A1E7A4F7556}") = "TexasTaco.Authentication.Core.Tests", "tests\Authentication\TexasTaco.Authentication.Core.Tests\TexasTaco.Authentication.Core.Tests.csproj", "{F8132E78-5AC8-4F07-9A0B-98FA3D323D84}"
EndProject
Project("{2150E333-8FDC-42A3-9474-1A3956D46DE8}") = "Orders", "Orders", "{E33AB53D-EBE8-4D2B-9889-9ECA24A648DA}"
EndProject
Project("{9A19103F-16F7-4668-BE54-9A1E7A4F7556}") = "TexasTaco.Orders.Application", "src\Orders\TexasTaco.Orders.Application\TexasTaco.Orders.Application.csproj", "{6D9AB147-7D5F-4770-A642-A7913465E2A5}"
EndProject
Project("{9A19103F-16F7-4668-BE54-9A1E7A4F7556}") = "TexasTaco.Orders.Domain", "src\Orders\TexasTaco.Orders.Domain\TexasTaco.Orders.Domain.csproj", "{53E96878-8FB0-4FDD-A0CD-25CA38DDC90A}"
EndProject
Project("{9A19103F-16F7-4668-BE54-9A1E7A4F7556}") = "TexasTaco.Orders.Infrastructure", "src\Orders\TexasTaco.Orders.Infrastructure\TexasTaco.Orders.Infrastructure.csproj", "{7DAFABBB-0334-4BA4-87E6-6356C8E297E4}"
EndProject
Project("{9A19103F-16F7-4668-BE54-9A1E7A4F7556}") = "TexasTaco.Orders.Api", "src\Orders\TexasTaco.Orders.Api\TexasTaco.Orders.Api.csproj", "{FFCE8333-6D88-428F-A3B6-A68D22E38DDD}"
EndProject
Project("{9A19103F-16F7-4668-BE54-9A1E7A4F7556}") = "TexasTaco.Orders.Shared", "src\Orders\TexasTaco.Orders.Shared\TexasTaco.Orders.Shared.csproj", "{1F8D16B8-7624-4423-84A7-4BF5AADCEEBD}"
EndProject
Project("{2150E333-8FDC-42A3-9474-1A3956D46DE8}") = "Products", "Products", "{39B38405-29D0-4324-890F-DE5F9E706FB8}"
EndProject
Project("{FAE04EC0-301F-11D3-BF4B-00C04F79EFBC}") = "TexasTaco.Products.Core.Tests", "tests\Products\TexasTaco.Products.Core.Tests\TexasTaco.Products.Core.Tests.csproj", "{B2F9C4A5-C685-4947-8394-F404D2A3D6A7}"
EndProject
Project("{FAE04EC0-301F-11D3-BF4B-00C04F79EFBC}") = "TexasTaco.Orders.Persistence", "src\Orders\TexasTaco.Orders.Persistence\TexasTaco.Orders.Persistence.csproj", "{DF939D67-FA2F-4400-B128-C4FC0FE212BF}"
EndProject
Global
	GlobalSection(SolutionConfigurationPlatforms) = preSolution
		Debug|Any CPU = Debug|Any CPU
		Release|Any CPU = Release|Any CPU
	EndGlobalSection
	GlobalSection(ProjectConfigurationPlatforms) = postSolution
		{E709CBC9-2431-47E9-9E0D-8C4741F66AF5}.Debug|Any CPU.ActiveCfg = Debug|Any CPU
		{E709CBC9-2431-47E9-9E0D-8C4741F66AF5}.Debug|Any CPU.Build.0 = Debug|Any CPU
		{E709CBC9-2431-47E9-9E0D-8C4741F66AF5}.Release|Any CPU.ActiveCfg = Release|Any CPU
		{E709CBC9-2431-47E9-9E0D-8C4741F66AF5}.Release|Any CPU.Build.0 = Release|Any CPU
		{9C2375A1-E780-420C-8402-39B46D48D06F}.Debug|Any CPU.ActiveCfg = Debug|Any CPU
		{9C2375A1-E780-420C-8402-39B46D48D06F}.Debug|Any CPU.Build.0 = Debug|Any CPU
		{9C2375A1-E780-420C-8402-39B46D48D06F}.Release|Any CPU.ActiveCfg = Release|Any CPU
		{9C2375A1-E780-420C-8402-39B46D48D06F}.Release|Any CPU.Build.0 = Release|Any CPU
		{5043BF95-A228-4B89-A3BE-691B66BEF1B5}.Debug|Any CPU.ActiveCfg = Debug|Any CPU
		{5043BF95-A228-4B89-A3BE-691B66BEF1B5}.Debug|Any CPU.Build.0 = Debug|Any CPU
		{5043BF95-A228-4B89-A3BE-691B66BEF1B5}.Release|Any CPU.ActiveCfg = Release|Any CPU
		{5043BF95-A228-4B89-A3BE-691B66BEF1B5}.Release|Any CPU.Build.0 = Release|Any CPU
		{8129EEE5-3F87-4C16-B368-259B3510B9DA}.Debug|Any CPU.ActiveCfg = Debug|Any CPU
		{8129EEE5-3F87-4C16-B368-259B3510B9DA}.Debug|Any CPU.Build.0 = Debug|Any CPU
		{8129EEE5-3F87-4C16-B368-259B3510B9DA}.Release|Any CPU.ActiveCfg = Release|Any CPU
		{8129EEE5-3F87-4C16-B368-259B3510B9DA}.Release|Any CPU.Build.0 = Release|Any CPU
		{7BA59E13-68E3-4B1A-86CC-3EC80BEDF87C}.Debug|Any CPU.ActiveCfg = Debug|Any CPU
		{7BA59E13-68E3-4B1A-86CC-3EC80BEDF87C}.Debug|Any CPU.Build.0 = Debug|Any CPU
		{7BA59E13-68E3-4B1A-86CC-3EC80BEDF87C}.Release|Any CPU.ActiveCfg = Release|Any CPU
		{7BA59E13-68E3-4B1A-86CC-3EC80BEDF87C}.Release|Any CPU.Build.0 = Release|Any CPU
		{8EB26EA3-E01C-4C3F-AC1C-88712DC52530}.Debug|Any CPU.ActiveCfg = Debug|Any CPU
		{8EB26EA3-E01C-4C3F-AC1C-88712DC52530}.Debug|Any CPU.Build.0 = Debug|Any CPU
		{8EB26EA3-E01C-4C3F-AC1C-88712DC52530}.Release|Any CPU.ActiveCfg = Release|Any CPU
		{8EB26EA3-E01C-4C3F-AC1C-88712DC52530}.Release|Any CPU.Build.0 = Release|Any CPU
		{7861CB4B-04A5-48BD-8A52-980BDA6417A3}.Debug|Any CPU.ActiveCfg = Debug|Any CPU
		{7861CB4B-04A5-48BD-8A52-980BDA6417A3}.Debug|Any CPU.Build.0 = Debug|Any CPU
		{7861CB4B-04A5-48BD-8A52-980BDA6417A3}.Release|Any CPU.ActiveCfg = Release|Any CPU
		{7861CB4B-04A5-48BD-8A52-980BDA6417A3}.Release|Any CPU.Build.0 = Release|Any CPU
		{EAF9F22C-B4C0-46E5-B2F7-7125BFEAAF9B}.Debug|Any CPU.ActiveCfg = Debug|Any CPU
		{EAF9F22C-B4C0-46E5-B2F7-7125BFEAAF9B}.Debug|Any CPU.Build.0 = Debug|Any CPU
		{EAF9F22C-B4C0-46E5-B2F7-7125BFEAAF9B}.Release|Any CPU.ActiveCfg = Release|Any CPU
		{EAF9F22C-B4C0-46E5-B2F7-7125BFEAAF9B}.Release|Any CPU.Build.0 = Release|Any CPU
		{12A703FC-960C-41AD-B039-6733C56944A9}.Debug|Any CPU.ActiveCfg = Debug|Any CPU
		{12A703FC-960C-41AD-B039-6733C56944A9}.Debug|Any CPU.Build.0 = Debug|Any CPU
		{12A703FC-960C-41AD-B039-6733C56944A9}.Release|Any CPU.ActiveCfg = Release|Any CPU
		{12A703FC-960C-41AD-B039-6733C56944A9}.Release|Any CPU.Build.0 = Release|Any CPU
		{5C4FF4F0-FF6C-4AAC-AE38-7B6F84BBD090}.Debug|Any CPU.ActiveCfg = Debug|Any CPU
		{5C4FF4F0-FF6C-4AAC-AE38-7B6F84BBD090}.Debug|Any CPU.Build.0 = Debug|Any CPU
		{5C4FF4F0-FF6C-4AAC-AE38-7B6F84BBD090}.Release|Any CPU.ActiveCfg = Release|Any CPU
		{5C4FF4F0-FF6C-4AAC-AE38-7B6F84BBD090}.Release|Any CPU.Build.0 = Release|Any CPU
		{199EE1C5-E37F-415F-A491-E178D7A8D4BB}.Debug|Any CPU.ActiveCfg = Debug|Any CPU
		{199EE1C5-E37F-415F-A491-E178D7A8D4BB}.Debug|Any CPU.Build.0 = Debug|Any CPU
		{199EE1C5-E37F-415F-A491-E178D7A8D4BB}.Release|Any CPU.ActiveCfg = Release|Any CPU
		{199EE1C5-E37F-415F-A491-E178D7A8D4BB}.Release|Any CPU.Build.0 = Release|Any CPU
		{828D6FF6-433C-4866-B956-76AEBDE1AC5C}.Debug|Any CPU.ActiveCfg = Debug|Any CPU
		{828D6FF6-433C-4866-B956-76AEBDE1AC5C}.Debug|Any CPU.Build.0 = Debug|Any CPU
		{828D6FF6-433C-4866-B956-76AEBDE1AC5C}.Release|Any CPU.ActiveCfg = Release|Any CPU
		{828D6FF6-433C-4866-B956-76AEBDE1AC5C}.Release|Any CPU.Build.0 = Release|Any CPU
		{E2FEDC11-74E8-4E01-917D-E4CD43C5A8E3}.Debug|Any CPU.ActiveCfg = Debug|Any CPU
		{E2FEDC11-74E8-4E01-917D-E4CD43C5A8E3}.Debug|Any CPU.Build.0 = Debug|Any CPU
		{E2FEDC11-74E8-4E01-917D-E4CD43C5A8E3}.Release|Any CPU.ActiveCfg = Release|Any CPU
		{E2FEDC11-74E8-4E01-917D-E4CD43C5A8E3}.Release|Any CPU.Build.0 = Release|Any CPU
		{F8132E78-5AC8-4F07-9A0B-98FA3D323D84}.Debug|Any CPU.ActiveCfg = Debug|Any CPU
		{F8132E78-5AC8-4F07-9A0B-98FA3D323D84}.Debug|Any CPU.Build.0 = Debug|Any CPU
		{F8132E78-5AC8-4F07-9A0B-98FA3D323D84}.Release|Any CPU.ActiveCfg = Release|Any CPU
		{F8132E78-5AC8-4F07-9A0B-98FA3D323D84}.Release|Any CPU.Build.0 = Release|Any CPU
		{6D9AB147-7D5F-4770-A642-A7913465E2A5}.Debug|Any CPU.ActiveCfg = Debug|Any CPU
		{6D9AB147-7D5F-4770-A642-A7913465E2A5}.Debug|Any CPU.Build.0 = Debug|Any CPU
		{6D9AB147-7D5F-4770-A642-A7913465E2A5}.Release|Any CPU.ActiveCfg = Release|Any CPU
		{6D9AB147-7D5F-4770-A642-A7913465E2A5}.Release|Any CPU.Build.0 = Release|Any CPU
		{53E96878-8FB0-4FDD-A0CD-25CA38DDC90A}.Debug|Any CPU.ActiveCfg = Debug|Any CPU
		{53E96878-8FB0-4FDD-A0CD-25CA38DDC90A}.Debug|Any CPU.Build.0 = Debug|Any CPU
		{53E96878-8FB0-4FDD-A0CD-25CA38DDC90A}.Release|Any CPU.ActiveCfg = Release|Any CPU
		{53E96878-8FB0-4FDD-A0CD-25CA38DDC90A}.Release|Any CPU.Build.0 = Release|Any CPU
		{7DAFABBB-0334-4BA4-87E6-6356C8E297E4}.Debug|Any CPU.ActiveCfg = Debug|Any CPU
		{7DAFABBB-0334-4BA4-87E6-6356C8E297E4}.Debug|Any CPU.Build.0 = Debug|Any CPU
		{7DAFABBB-0334-4BA4-87E6-6356C8E297E4}.Release|Any CPU.ActiveCfg = Release|Any CPU
		{7DAFABBB-0334-4BA4-87E6-6356C8E297E4}.Release|Any CPU.Build.0 = Release|Any CPU
		{FFCE8333-6D88-428F-A3B6-A68D22E38DDD}.Debug|Any CPU.ActiveCfg = Debug|Any CPU
		{FFCE8333-6D88-428F-A3B6-A68D22E38DDD}.Debug|Any CPU.Build.0 = Debug|Any CPU
		{FFCE8333-6D88-428F-A3B6-A68D22E38DDD}.Release|Any CPU.ActiveCfg = Release|Any CPU
		{FFCE8333-6D88-428F-A3B6-A68D22E38DDD}.Release|Any CPU.Build.0 = Release|Any CPU
		{1F8D16B8-7624-4423-84A7-4BF5AADCEEBD}.Debug|Any CPU.ActiveCfg = Debug|Any CPU
		{1F8D16B8-7624-4423-84A7-4BF5AADCEEBD}.Debug|Any CPU.Build.0 = Debug|Any CPU
		{1F8D16B8-7624-4423-84A7-4BF5AADCEEBD}.Release|Any CPU.ActiveCfg = Release|Any CPU
		{1F8D16B8-7624-4423-84A7-4BF5AADCEEBD}.Release|Any CPU.Build.0 = Release|Any CPU
		{B2F9C4A5-C685-4947-8394-F404D2A3D6A7}.Debug|Any CPU.ActiveCfg = Debug|Any CPU
		{B2F9C4A5-C685-4947-8394-F404D2A3D6A7}.Debug|Any CPU.Build.0 = Debug|Any CPU
		{B2F9C4A5-C685-4947-8394-F404D2A3D6A7}.Release|Any CPU.ActiveCfg = Release|Any CPU
		{B2F9C4A5-C685-4947-8394-F404D2A3D6A7}.Release|Any CPU.Build.0 = Release|Any CPU
		{DF939D67-FA2F-4400-B128-C4FC0FE212BF}.Debug|Any CPU.ActiveCfg = Debug|Any CPU
		{DF939D67-FA2F-4400-B128-C4FC0FE212BF}.Debug|Any CPU.Build.0 = Debug|Any CPU
		{DF939D67-FA2F-4400-B128-C4FC0FE212BF}.Release|Any CPU.ActiveCfg = Release|Any CPU
		{DF939D67-FA2F-4400-B128-C4FC0FE212BF}.Release|Any CPU.Build.0 = Release|Any CPU
	EndGlobalSection
	GlobalSection(SolutionProperties) = preSolution
		HideSolutionNode = FALSE
	EndGlobalSection
	GlobalSection(NestedProjects) = preSolution
		{412F2401-A421-4EB0-BD7E-81FED781832A} = {C32749E4-F4AC-43DD-AA09-3A086E28CD10}
		{9C2375A1-E780-420C-8402-39B46D48D06F} = {412F2401-A421-4EB0-BD7E-81FED781832A}
		{5043BF95-A228-4B89-A3BE-691B66BEF1B5} = {412F2401-A421-4EB0-BD7E-81FED781832A}
		{4D52A878-42EC-4649-B103-E9668CD8DAFD} = {C32749E4-F4AC-43DD-AA09-3A086E28CD10}
		{8129EEE5-3F87-4C16-B368-259B3510B9DA} = {4D52A878-42EC-4649-B103-E9668CD8DAFD}
		{FD4629DE-8822-423C-ADA1-39B469107613} = {C32749E4-F4AC-43DD-AA09-3A086E28CD10}
		{7BA59E13-68E3-4B1A-86CC-3EC80BEDF87C} = {FD4629DE-8822-423C-ADA1-39B469107613}
		{08FE0BAB-A815-4158-B3FC-B8E8A437FC66} = {C32749E4-F4AC-43DD-AA09-3A086E28CD10}
		{8EB26EA3-E01C-4C3F-AC1C-88712DC52530} = {08FE0BAB-A815-4158-B3FC-B8E8A437FC66}
		{7861CB4B-04A5-48BD-8A52-980BDA6417A3} = {08FE0BAB-A815-4158-B3FC-B8E8A437FC66}
		{EAF9F22C-B4C0-46E5-B2F7-7125BFEAAF9B} = {FD4629DE-8822-423C-ADA1-39B469107613}
		{761281D2-D60F-4E20-A34A-12E75858A912} = {5CFBC3AD-2188-4C58-B5F5-D5F3BFA8544C}
		{12A703FC-960C-41AD-B039-6733C56944A9} = {761281D2-D60F-4E20-A34A-12E75858A912}
		{4B37149D-E88F-4ABC-AE64-E4B323B4C80E} = {5CFBC3AD-2188-4C58-B5F5-D5F3BFA8544C}
		{5C4FF4F0-FF6C-4AAC-AE38-7B6F84BBD090} = {4B37149D-E88F-4ABC-AE64-E4B323B4C80E}
		{DE9ED7D7-E1BA-4662-A7C6-C577240F8021} = {5CFBC3AD-2188-4C58-B5F5-D5F3BFA8544C}
		{199EE1C5-E37F-415F-A491-E178D7A8D4BB} = {DE9ED7D7-E1BA-4662-A7C6-C577240F8021}
		{FA103391-D36F-4F75-B61B-A2805FDA9C9E} = {C32749E4-F4AC-43DD-AA09-3A086E28CD10}
		{828D6FF6-433C-4866-B956-76AEBDE1AC5C} = {FA103391-D36F-4F75-B61B-A2805FDA9C9E}
		{E2FEDC11-74E8-4E01-917D-E4CD43C5A8E3} = {FA103391-D36F-4F75-B61B-A2805FDA9C9E}
		{F8132E78-5AC8-4F07-9A0B-98FA3D323D84} = {4B37149D-E88F-4ABC-AE64-E4B323B4C80E}
		{E33AB53D-EBE8-4D2B-9889-9ECA24A648DA} = {C32749E4-F4AC-43DD-AA09-3A086E28CD10}
		{6D9AB147-7D5F-4770-A642-A7913465E2A5} = {E33AB53D-EBE8-4D2B-9889-9ECA24A648DA}
		{53E96878-8FB0-4FDD-A0CD-25CA38DDC90A} = {E33AB53D-EBE8-4D2B-9889-9ECA24A648DA}
		{7DAFABBB-0334-4BA4-87E6-6356C8E297E4} = {E33AB53D-EBE8-4D2B-9889-9ECA24A648DA}
		{FFCE8333-6D88-428F-A3B6-A68D22E38DDD} = {E33AB53D-EBE8-4D2B-9889-9ECA24A648DA}
		{1F8D16B8-7624-4423-84A7-4BF5AADCEEBD} = {E33AB53D-EBE8-4D2B-9889-9ECA24A648DA}
		{39B38405-29D0-4324-890F-DE5F9E706FB8} = {5CFBC3AD-2188-4C58-B5F5-D5F3BFA8544C}
		{B2F9C4A5-C685-4947-8394-F404D2A3D6A7} = {39B38405-29D0-4324-890F-DE5F9E706FB8}
		{DF939D67-FA2F-4400-B128-C4FC0FE212BF} = {E33AB53D-EBE8-4D2B-9889-9ECA24A648DA}
	EndGlobalSection
	GlobalSection(ExtensibilityGlobals) = postSolution
		SolutionGuid = {8962ABFE-4441-4C72-A04E-0038C172612D}
	EndGlobalSection
EndGlobal
